<?xml version="1.0" encoding="utf-8"?>
<Project ToolsVersion="4.0" xmlns="http://schemas.microsoft.com/developer/msbuild/2003">
  <ItemGroup>
    <Filter Include="src">
      <UniqueIdentifier>{8f93325f-fb75-4488-bf90-8547e8413edd}</UniqueIdentifier>
    </Filter>
    <Filter Include="src\ripple">
      <UniqueIdentifier>{fc23d720-cb0b-439e-978e-1e166709c63b}</UniqueIdentifier>
    </Filter>
    <Filter Include="src\ripple\app">
      <UniqueIdentifier>{30b8fdac-c87c-4243-bb37-0c0a7cd30d8d}</UniqueIdentifier>
    </Filter>
    <Filter Include="src\ripple\app\main">
      <UniqueIdentifier>{a32615bc-fdfa-4870-9435-43ec932ad451}</UniqueIdentifier>
    </Filter>
    <Filter Include="src\ripple\beast">
      <UniqueIdentifier>{f2560330-381b-4e4e-97b1-2660923e3272}</UniqueIdentifier>
    </Filter>
    <Filter Include="src\ripple\protocol">
      <UniqueIdentifier>{87ac533a-3517-49c1-9532-8d61988fec45}</UniqueIdentifier>
    </Filter>
    <Filter Include="src\ripple\protocol\impl">
      <UniqueIdentifier>{cbd915f7-b6d4-49e7-83cc-531b058233fd}</UniqueIdentifier>
    </Filter>
    <Filter Include="src\ripple\core">
      <UniqueIdentifier>{5f5b2a76-a72c-4871-86d6-52eb5de95a17}</UniqueIdentifier>
    </Filter>
    <Filter Include="src\ripple\core\Impl">
      <UniqueIdentifier>{a7066d4a-66ff-45c1-9078-e9a4eee45907}</UniqueIdentifier>
    </Filter>
    <Filter Include="src\ripple\ledger">
      <UniqueIdentifier>{b56673df-65c4-43ca-a5eb-0dc7fb64ace2}</UniqueIdentifier>
    </Filter>
    <Filter Include="src\ripple\ledger\impl">
      <UniqueIdentifier>{d4a54bdd-ff7f-4b07-883f-db691d391857}</UniqueIdentifier>
    </Filter>
    <Filter Include="src\ripple\ledger\detail">
      <UniqueIdentifier>{babad656-2e14-4466-8f83-7307ceab580b}</UniqueIdentifier>
    </Filter>
    <Filter Include="src\ripple\nodestore">
      <UniqueIdentifier>{9105caf5-48c2-4b90-a68c-3768b7946702}</UniqueIdentifier>
    </Filter>
    <Filter Include="src\ripple\nodestore\backend">
      <UniqueIdentifier>{d303104f-a8c7-4355-b76d-db52459c0629}</UniqueIdentifier>
    </Filter>
    <Filter Include="src\ripple\nodestore\impl">
      <UniqueIdentifier>{3947fc23-1338-41db-a119-64263e9fe949}</UniqueIdentifier>
    </Filter>
  </ItemGroup>
  <ItemGroup>
    <ClCompile Include="..\src\ripple\app\main\Application.cpp">
      <Filter>src\ripple\app\main</Filter>
    </ClCompile>
    <ClCompile Include="..\src\ripple\app\main\BasicApp.cpp">
      <Filter>src\ripple\app\main</Filter>
    </ClCompile>
    <ClCompile Include="..\src\ripple\app\main\CollectorManager.cpp">
      <Filter>src\ripple\app\main</Filter>
    </ClCompile>
    <ClCompile Include="..\src\ripple\app\main\DBInit.cpp">
      <Filter>src\ripple\app\main</Filter>
    </ClCompile>
    <ClCompile Include="..\src\ripple\app\main\LoadManager.cpp">
      <Filter>src\ripple\app\main</Filter>
    </ClCompile>
    <ClCompile Include="..\src\ripple\app\main\Main.cpp">
      <Filter>src\ripple\app\main</Filter>
    </ClCompile>
    <ClCompile Include="..\src\ripple\app\main\NodeIdentity.cpp">
      <Filter>src\ripple\app\main</Filter>
    </ClCompile>
    <ClCompile Include="..\src\ripple\app\main\NodeStoreScheduler.cpp">
      <Filter>src\ripple\app\main</Filter>
    </ClCompile>
    <ClCompile Include="..\src\ripple\protocol\impl\AccountID.cpp">
      <Filter>src\ripple\protocol\impl</Filter>
    </ClCompile>
    <ClCompile Include="..\src\ripple\protocol\impl\Book.cpp">
      <Filter>src\ripple\protocol\impl</Filter>
    </ClCompile>
    <ClCompile Include="..\src\ripple\protocol\impl\BuildInfo.cpp">
      <Filter>src\ripple\protocol\impl</Filter>
    </ClCompile>
    <ClCompile Include="..\src\ripple\protocol\impl\digest.cpp">
      <Filter>src\ripple\protocol\impl</Filter>
    </ClCompile>
    <ClCompile Include="..\src\ripple\protocol\impl\ErrorCodes.cpp">
      <Filter>src\ripple\protocol\impl</Filter>
    </ClCompile>
    <ClCompile Include="..\src\ripple\protocol\impl\Feature.cpp">
      <Filter>src\ripple\protocol\impl</Filter>
    </ClCompile>
    <ClCompile Include="..\src\ripple\protocol\impl\HashPrefix.cpp">
      <Filter>src\ripple\protocol\impl</Filter>
    </ClCompile>
    <ClCompile Include="..\src\ripple\protocol\impl\Indexes.cpp">
      <Filter>src\ripple\protocol\impl</Filter>
    </ClCompile>
    <ClCompile Include="..\src\ripple\protocol\impl\InnerObjectFormats.cpp">
      <Filter>src\ripple\protocol\impl</Filter>
    </ClCompile>
    <ClCompile Include="..\src\ripple\protocol\impl\IOUAmount.cpp">
      <Filter>src\ripple\protocol\impl</Filter>
    </ClCompile>
    <ClCompile Include="..\src\ripple\protocol\impl\Issue.cpp">
      <Filter>src\ripple\protocol\impl</Filter>
    </ClCompile>
    <ClCompile Include="..\src\ripple\protocol\impl\Keylet.cpp">
      <Filter>src\ripple\protocol\impl</Filter>
    </ClCompile>
    <ClCompile Include="..\src\ripple\protocol\impl\LedgerFormats.cpp">
      <Filter>src\ripple\protocol\impl</Filter>
    </ClCompile>
    <ClCompile Include="..\src\ripple\protocol\impl\PublicKey.cpp">
      <Filter>src\ripple\protocol\impl</Filter>
    </ClCompile>
    <ClCompile Include="..\src\ripple\protocol\impl\Quality.cpp">
      <Filter>src\ripple\protocol\impl</Filter>
    </ClCompile>
    <ClCompile Include="..\src\ripple\protocol\impl\Rate2.cpp">
      <Filter>src\ripple\protocol\impl</Filter>
    </ClCompile>
    <ClCompile Include="..\src\ripple\protocol\impl\SecretKey.cpp">
      <Filter>src\ripple\protocol\impl</Filter>
    </ClCompile>
    <ClCompile Include="..\src\ripple\protocol\impl\Seed.cpp">
      <Filter>src\ripple\protocol\impl</Filter>
    </ClCompile>
    <ClCompile Include="..\src\ripple\protocol\impl\Serializer.cpp">
      <Filter>src\ripple\protocol\impl</Filter>
    </ClCompile>
    <ClCompile Include="..\src\ripple\protocol\impl\SField.cpp">
      <Filter>src\ripple\protocol\impl</Filter>
    </ClCompile>
    <ClCompile Include="..\src\ripple\protocol\impl\Sign.cpp">
      <Filter>src\ripple\protocol\impl</Filter>
    </ClCompile>
    <ClCompile Include="..\src\ripple\protocol\impl\SOTemplate.cpp">
      <Filter>src\ripple\protocol\impl</Filter>
    </ClCompile>
    <ClCompile Include="..\src\ripple\protocol\impl\STAccount.cpp">
      <Filter>src\ripple\protocol\impl</Filter>
    </ClCompile>
    <ClCompile Include="..\src\ripple\protocol\impl\STAmount.cpp">
      <Filter>src\ripple\protocol\impl</Filter>
    </ClCompile>
    <ClCompile Include="..\src\ripple\protocol\impl\STArray.cpp">
      <Filter>src\ripple\protocol\impl</Filter>
    </ClCompile>
    <ClCompile Include="..\src\ripple\protocol\impl\STBase.cpp">
      <Filter>src\ripple\protocol\impl</Filter>
    </ClCompile>
    <ClCompile Include="..\src\ripple\protocol\impl\STBlob.cpp">
      <Filter>src\ripple\protocol\impl</Filter>
    </ClCompile>
    <ClCompile Include="..\src\ripple\protocol\impl\STInteger.cpp">
      <Filter>src\ripple\protocol\impl</Filter>
    </ClCompile>
    <ClCompile Include="..\src\ripple\protocol\impl\STLedgerEntry.cpp">
      <Filter>src\ripple\protocol\impl</Filter>
    </ClCompile>
    <ClCompile Include="..\src\ripple\protocol\impl\STObject.cpp">
      <Filter>src\ripple\protocol\impl</Filter>
    </ClCompile>
    <ClCompile Include="..\src\ripple\protocol\impl\STParsedJSON.cpp">
      <Filter>src\ripple\protocol\impl</Filter>
    </ClCompile>
    <ClCompile Include="..\src\ripple\protocol\impl\STPathSet.cpp">
      <Filter>src\ripple\protocol\impl</Filter>
    </ClCompile>
    <ClCompile Include="..\src\ripple\protocol\impl\STTx.cpp">
      <Filter>src\ripple\protocol\impl</Filter>
    </ClCompile>
    <ClCompile Include="..\src\ripple\protocol\impl\STValidation.cpp">
      <Filter>src\ripple\protocol\impl</Filter>
    </ClCompile>
    <ClCompile Include="..\src\ripple\protocol\impl\STVar.cpp">
      <Filter>src\ripple\protocol\impl</Filter>
    </ClCompile>
    <ClCompile Include="..\src\ripple\protocol\impl\STVector256.cpp">
      <Filter>src\ripple\protocol\impl</Filter>
    </ClCompile>
    <ClCompile Include="..\src\ripple\protocol\impl\TER.cpp">
      <Filter>src\ripple\protocol\impl</Filter>
    </ClCompile>
    <ClCompile Include="..\src\ripple\protocol\impl\tokens.cpp">
      <Filter>src\ripple\protocol\impl</Filter>
    </ClCompile>
    <ClCompile Include="..\src\ripple\protocol\impl\TxFormats.cpp">
      <Filter>src\ripple\protocol\impl</Filter>
    </ClCompile>
    <ClCompile Include="..\src\ripple\protocol\impl\UintTypes.cpp">
      <Filter>src\ripple\protocol\impl</Filter>
    </ClCompile>
    <ClCompile Include="..\src\ripple\core\impl\Config.cpp">
      <Filter>src\ripple\core\Impl</Filter>
    </ClCompile>
    <ClCompile Include="..\src\ripple\core\impl\DatabaseCon.cpp">
      <Filter>src\ripple\core\Impl</Filter>
    </ClCompile>
    <ClCompile Include="..\src\ripple\core\impl\Job.cpp">
      <Filter>src\ripple\core\Impl</Filter>
    </ClCompile>
    <ClCompile Include="..\src\ripple\core\impl\JobQueue.cpp">
      <Filter>src\ripple\core\Impl</Filter>
    </ClCompile>
    <ClCompile Include="..\src\ripple\core\impl\LoadEvent.cpp">
      <Filter>src\ripple\core\Impl</Filter>
    </ClCompile>
    <ClCompile Include="..\src\ripple\core\impl\LoadMonitor.cpp">
      <Filter>src\ripple\core\Impl</Filter>
    </ClCompile>
    <ClCompile Include="..\src\ripple\core\impl\SNTPClock.cpp">
      <Filter>src\ripple\core\Impl</Filter>
    </ClCompile>
    <ClCompile Include="..\src\ripple\core\impl\SociDB.cpp">
      <Filter>src\ripple\core\Impl</Filter>
    </ClCompile>
    <ClCompile Include="..\src\ripple\core\impl\Stoppable.cpp">
      <Filter>src\ripple\core\Impl</Filter>
    </ClCompile>
    <ClCompile Include="..\src\ripple\core\impl\TerminateHandler.cpp">
      <Filter>src\ripple\core\Impl</Filter>
    </ClCompile>
    <ClCompile Include="..\src\ripple\core\impl\TimeKeeper.cpp">
      <Filter>src\ripple\core\Impl</Filter>
    </ClCompile>
    <ClCompile Include="..\src\ripple\core\impl\Workers.cpp">
      <Filter>src\ripple\core\Impl</Filter>
    </ClCompile>
    <ClCompile Include="..\src\ripple\ledger\impl\ApplyStateTable.cpp">
      <Filter>src\ripple\ledger\impl</Filter>
    </ClCompile>
    <ClCompile Include="..\src\ripple\ledger\impl\ApplyView.cpp">
      <Filter>src\ripple\ledger\impl</Filter>
    </ClCompile>
    <ClCompile Include="..\src\ripple\ledger\impl\ApplyViewBase.cpp">
      <Filter>src\ripple\ledger\impl</Filter>
    </ClCompile>
    <ClCompile Include="..\src\ripple\ledger\impl\ApplyViewImpl.cpp">
      <Filter>src\ripple\ledger\impl</Filter>
    </ClCompile>
    <ClCompile Include="..\src\ripple\ledger\impl\BookDirs.cpp">
      <Filter>src\ripple\ledger\impl</Filter>
    </ClCompile>
    <ClCompile Include="..\src\ripple\ledger\impl\CachedSLEs.cpp">
      <Filter>src\ripple\ledger\impl</Filter>
    </ClCompile>
    <ClCompile Include="..\src\ripple\ledger\impl\CachedView.cpp">
      <Filter>src\ripple\ledger\impl</Filter>
    </ClCompile>
    <ClCompile Include="..\src\ripple\ledger\impl\CashDiff.cpp">
      <Filter>src\ripple\ledger\impl</Filter>
    </ClCompile>
    <ClCompile Include="..\src\ripple\ledger\impl\Directory.cpp">
      <Filter>src\ripple\ledger\impl</Filter>
    </ClCompile>
    <ClCompile Include="..\src\ripple\ledger\impl\OpenView.cpp">
      <Filter>src\ripple\ledger\impl</Filter>
    </ClCompile>
    <ClCompile Include="..\src\ripple\ledger\impl\PaymentSandbox.cpp">
      <Filter>src\ripple\ledger\impl</Filter>
    </ClCompile>
    <ClCompile Include="..\src\ripple\ledger\impl\RawStateTable.cpp">
      <Filter>src\ripple\ledger\impl</Filter>
    </ClCompile>
    <ClCompile Include="..\src\ripple\ledger\impl\ReadView.cpp">
      <Filter>src\ripple\ledger\impl</Filter>
    </ClCompile>
    <ClCompile Include="..\src\ripple\ledger\impl\TxMeta.cpp">
      <Filter>src\ripple\ledger\impl</Filter>
    </ClCompile>
    <ClCompile Include="..\src\ripple\ledger\impl\View.cpp">
      <Filter>src\ripple\ledger\impl</Filter>
    </ClCompile>
    <ClCompile Include="..\src\ripple\nodestore\impl\BatchWriter.cpp">
      <Filter>src\ripple\nodestore\impl</Filter>
    </ClCompile>
    <ClCompile Include="..\src\ripple\nodestore\impl\Database.cpp">
      <Filter>src\ripple\nodestore\impl</Filter>
    </ClCompile>
    <ClCompile Include="..\src\ripple\nodestore\impl\DatabaseNodeImp.cpp">
      <Filter>src\ripple\nodestore\impl</Filter>
    </ClCompile>
    <ClCompile Include="..\src\ripple\nodestore\impl\DatabaseRotatingImp.cpp">
      <Filter>src\ripple\nodestore\impl</Filter>
    </ClCompile>
    <ClCompile Include="..\src\ripple\nodestore\impl\DatabaseShardImp.cpp">
      <Filter>src\ripple\nodestore\impl</Filter>
    </ClCompile>
    <ClCompile Include="..\src\ripple\nodestore\impl\DecodedBlob.cpp">
      <Filter>src\ripple\nodestore\impl</Filter>
    </ClCompile>
    <ClCompile Include="..\src\ripple\nodestore\impl\DummyScheduler.cpp">
      <Filter>src\ripple\nodestore\impl</Filter>
    </ClCompile>
    <ClCompile Include="..\src\ripple\nodestore\impl\EncodedBlob.cpp">
      <Filter>src\ripple\nodestore\impl</Filter>
    </ClCompile>
    <ClCompile Include="..\src\ripple\nodestore\impl\ManagerImp.cpp">
      <Filter>src\ripple\nodestore\impl</Filter>
    </ClCompile>
    <ClCompile Include="..\src\ripple\nodestore\impl\NodeObject.cpp">
      <Filter>src\ripple\nodestore\impl</Filter>
    </ClCompile>
    <ClCompile Include="..\src\ripple\nodestore\impl\Shard.cpp">
      <Filter>src\ripple\nodestore\impl</Filter>
    </ClCompile>
    <ClCompile Include="..\src\ripple\nodestore\backend\MemoryFactory.cpp">
      <Filter>src\ripple\nodestore\backend</Filter>
    </ClCompile>
    <ClCompile Include="..\src\ripple\nodestore\backend\NuDBFactory.cpp">
      <Filter>src\ripple\nodestore\backend</Filter>
    </ClCompile>
    <ClCompile Include="..\src\ripple\nodestore\backend\NullFactory.cpp">
      <Filter>src\ripple\nodestore\backend</Filter>
    </ClCompile>
    <ClCompile Include="..\src\ripple\nodestore\backend\RocksDBFactory.cpp">
      <Filter>src\ripple\nodestore\backend</Filter>
    </ClCompile>
    <ClCompile Include="..\src\ripple\nodestore\backend\RocksDBQuickFactory.cpp">
      <Filter>src\ripple\nodestore\backend</Filter>
    </ClCompile>
  </ItemGroup>
  <ItemGroup>
    <ClInclude Include="..\src\ripple\app\main\Application.h">
      <Filter>src\ripple\app\main</Filter>
    </ClInclude>
    <ClInclude Include="..\src\ripple\app\main\BasicApp.h">
      <Filter>src\ripple\app\main</Filter>
    </ClInclude>
    <ClInclude Include="..\src\ripple\app\main\CollectorManager.h">
      <Filter>src\ripple\app\main</Filter>
    </ClInclude>
    <ClInclude Include="..\src\ripple\app\main\DBInit.h">
      <Filter>src\ripple\app\main</Filter>
    </ClInclude>
    <ClInclude Include="..\src\ripple\app\main\LoadManager.h">
      <Filter>src\ripple\app\main</Filter>
    </ClInclude>
    <ClInclude Include="..\src\ripple\app\main\NodeIdentity.h">
      <Filter>src\ripple\app\main</Filter>
    </ClInclude>
    <ClInclude Include="..\src\ripple\app\main\NodeStoreScheduler.h">
      <Filter>src\ripple\app\main</Filter>
    </ClInclude>
    <ClInclude Include="..\src\ripple\app\main\Tuning.h">
      <Filter>src\ripple\app\main</Filter>
    </ClInclude>
    <ClInclude Include="..\src\ripple\protocol\AccountID.h">
      <Filter>src\ripple\protocol</Filter>
    </ClInclude>
    <ClInclude Include="..\src\ripple\protocol\AmountConversions.h">
      <Filter>src\ripple\protocol</Filter>
    </ClInclude>
    <ClInclude Include="..\src\ripple\protocol\Book.h">
      <Filter>src\ripple\protocol</Filter>
    </ClInclude>
    <ClInclude Include="..\src\ripple\protocol\BuildInfo.h">
      <Filter>src\ripple\protocol</Filter>
    </ClInclude>
    <ClInclude Include="..\src\ripple\protocol\digest.h">
      <Filter>src\ripple\protocol</Filter>
    </ClInclude>
    <ClInclude Include="..\src\ripple\protocol\ErrorCodes.h">
      <Filter>src\ripple\protocol</Filter>
    </ClInclude>
    <ClInclude Include="..\src\ripple\protocol\Feature.h">
      <Filter>src\ripple\protocol</Filter>
    </ClInclude>
    <ClInclude Include="..\src\ripple\protocol\HashPrefix.h">
      <Filter>src\ripple\protocol</Filter>
    </ClInclude>
    <ClInclude Include="..\src\ripple\protocol\Indexes.h">
      <Filter>src\ripple\protocol</Filter>
    </ClInclude>
    <ClInclude Include="..\src\ripple\protocol\InnerObjectFormats.h">
      <Filter>src\ripple\protocol</Filter>
    </ClInclude>
    <ClInclude Include="..\src\ripple\protocol\IOUAmount.h">
      <Filter>src\ripple\protocol</Filter>
    </ClInclude>
    <ClInclude Include="..\src\ripple\protocol\Issue.h">
      <Filter>src\ripple\protocol</Filter>
    </ClInclude>
    <ClInclude Include="..\src\ripple\protocol\JsonFields.h">
      <Filter>src\ripple\protocol</Filter>
    </ClInclude>
    <ClInclude Include="..\src\ripple\protocol\Keylet.h">
      <Filter>src\ripple\protocol</Filter>
    </ClInclude>
    <ClInclude Include="..\src\ripple\protocol\KnownFormats.h">
      <Filter>src\ripple\protocol</Filter>
    </ClInclude>
    <ClInclude Include="..\src\ripple\protocol\LedgerFormats.h">
      <Filter>src\ripple\protocol</Filter>
    </ClInclude>
    <ClInclude Include="..\src\ripple\protocol\messages.h">
      <Filter>src\ripple\protocol</Filter>
    </ClInclude>
    <ClInclude Include="..\src\ripple\protocol\PayChan.h">
      <Filter>src\ripple\protocol</Filter>
    </ClInclude>
    <ClInclude Include="..\src\ripple\protocol\Protocol.h">
      <Filter>src\ripple\protocol</Filter>
    </ClInclude>
    <ClInclude Include="..\src\ripple\protocol\PublicKey.h">
      <Filter>src\ripple\protocol</Filter>
    </ClInclude>
    <ClInclude Include="..\src\ripple\protocol\Quality.h">
      <Filter>src\ripple\protocol</Filter>
    </ClInclude>
    <ClInclude Include="..\src\ripple\protocol\Rate.h">
      <Filter>src\ripple\protocol</Filter>
    </ClInclude>
    <ClInclude Include="..\src\ripple\protocol\RippleLedgerHash.h">
      <Filter>src\ripple\protocol</Filter>
    </ClInclude>
    <ClInclude Include="..\src\ripple\protocol\SecretKey.h">
      <Filter>src\ripple\protocol</Filter>
    </ClInclude>
    <ClInclude Include="..\src\ripple\protocol\Seed.h">
      <Filter>src\ripple\protocol</Filter>
    </ClInclude>
    <ClInclude Include="..\src\ripple\protocol\Serializer.h">
      <Filter>src\ripple\protocol</Filter>
    </ClInclude>
    <ClInclude Include="..\src\ripple\protocol\SField.h">
      <Filter>src\ripple\protocol</Filter>
    </ClInclude>
    <ClInclude Include="..\src\ripple\protocol\Sign.h">
      <Filter>src\ripple\protocol</Filter>
    </ClInclude>
    <ClInclude Include="..\src\ripple\protocol\SOTemplate.h">
      <Filter>src\ripple\protocol</Filter>
    </ClInclude>
    <ClInclude Include="..\src\ripple\protocol\st.h">
      <Filter>src\ripple\protocol</Filter>
    </ClInclude>
    <ClInclude Include="..\src\ripple\protocol\STAccount.h">
      <Filter>src\ripple\protocol</Filter>
    </ClInclude>
    <ClInclude Include="..\src\ripple\protocol\STAmount.h">
      <Filter>src\ripple\protocol</Filter>
    </ClInclude>
    <ClInclude Include="..\src\ripple\protocol\STArray.h">
      <Filter>src\ripple\protocol</Filter>
    </ClInclude>
    <ClInclude Include="..\src\ripple\protocol\STBase.h">
      <Filter>src\ripple\protocol</Filter>
    </ClInclude>
    <ClInclude Include="..\src\ripple\protocol\STBitString.h">
      <Filter>src\ripple\protocol</Filter>
    </ClInclude>
    <ClInclude Include="..\src\ripple\protocol\STBlob.h">
      <Filter>src\ripple\protocol</Filter>
    </ClInclude>
    <ClInclude Include="..\src\ripple\protocol\STExchange.h">
      <Filter>src\ripple\protocol</Filter>
    </ClInclude>
    <ClInclude Include="..\src\ripple\protocol\STInteger.h">
      <Filter>src\ripple\protocol</Filter>
    </ClInclude>
    <ClInclude Include="..\src\ripple\protocol\STLedgerEntry.h">
      <Filter>src\ripple\protocol</Filter>
    </ClInclude>
    <ClInclude Include="..\src\ripple\protocol\STObject.h">
      <Filter>src\ripple\protocol</Filter>
    </ClInclude>
    <ClInclude Include="..\src\ripple\protocol\STParsedJSON.h">
      <Filter>src\ripple\protocol</Filter>
    </ClInclude>
    <ClInclude Include="..\src\ripple\protocol\STPathSet.h">
      <Filter>src\ripple\protocol</Filter>
    </ClInclude>
    <ClInclude Include="..\src\ripple\protocol\STTx.h">
      <Filter>src\ripple\protocol</Filter>
    </ClInclude>
    <ClInclude Include="..\src\ripple\protocol\STValidation.h">
      <Filter>src\ripple\protocol</Filter>
    </ClInclude>
    <ClInclude Include="..\src\ripple\protocol\STVector256.h">
      <Filter>src\ripple\protocol</Filter>
    </ClInclude>
    <ClInclude Include="..\src\ripple\protocol\SystemParameters.h">
      <Filter>src\ripple\protocol</Filter>
    </ClInclude>
    <ClInclude Include="..\src\ripple\protocol\TER.h">
      <Filter>src\ripple\protocol</Filter>
    </ClInclude>
    <ClInclude Include="..\src\ripple\protocol\tokens.h">
      <Filter>src\ripple\protocol</Filter>
    </ClInclude>
    <ClInclude Include="..\src\ripple\protocol\TxFlags.h">
      <Filter>src\ripple\protocol</Filter>
    </ClInclude>
    <ClInclude Include="..\src\ripple\protocol\TxFormats.h">
      <Filter>src\ripple\protocol</Filter>
    </ClInclude>
    <ClInclude Include="..\src\ripple\protocol\UintTypes.h">
      <Filter>src\ripple\protocol</Filter>
    </ClInclude>
    <ClInclude Include="..\src\ripple\protocol\XRPAmount.h">
      <Filter>src\ripple\protocol</Filter>
    </ClInclude>
    <ClInclude Include="..\src\ripple\protocol\impl\secp256k1.h">
      <Filter>src\ripple\protocol\impl</Filter>
    </ClInclude>
    <ClInclude Include="..\src\ripple\protocol\impl\STVar.h">
      <Filter>src\ripple\protocol\impl</Filter>
    </ClInclude>
    <ClInclude Include="..\src\ripple\core\ClosureCounter.h">
      <Filter>src\ripple\core</Filter>
    </ClInclude>
    <ClInclude Include="..\src\ripple\core\Config.h">
      <Filter>src\ripple\core</Filter>
    </ClInclude>
    <ClInclude Include="..\src\ripple\core\ConfigSections.h">
      <Filter>src\ripple\core</Filter>
    </ClInclude>
    <ClInclude Include="..\src\ripple\core\Coro.ipp">
      <Filter>src\ripple\core</Filter>
    </ClInclude>
    <ClInclude Include="..\src\ripple\core\DatabaseCon.h">
      <Filter>src\ripple\core</Filter>
    </ClInclude>
    <ClInclude Include="..\src\ripple\core\Job.h">
      <Filter>src\ripple\core</Filter>
    </ClInclude>
    <ClInclude Include="..\src\ripple\core\JobQueue.h">
      <Filter>src\ripple\core</Filter>
    </ClInclude>
    <ClInclude Include="..\src\ripple\core\JobTypeData.h">
      <Filter>src\ripple\core</Filter>
    </ClInclude>
    <ClInclude Include="..\src\ripple\core\JobTypeInfo.h">
      <Filter>src\ripple\core</Filter>
    </ClInclude>
    <ClInclude Include="..\src\ripple\core\JobTypes.h">
      <Filter>src\ripple\core</Filter>
    </ClInclude>
    <ClInclude Include="..\src\ripple\core\LoadEvent.h">
      <Filter>src\ripple\core</Filter>
    </ClInclude>
    <ClInclude Include="..\src\ripple\core\LoadMonitor.h">
      <Filter>src\ripple\core</Filter>
    </ClInclude>
    <ClInclude Include="..\src\ripple\core\SociDB.h">
      <Filter>src\ripple\core</Filter>
    </ClInclude>
    <ClInclude Include="..\src\ripple\core\Stoppable.h">
      <Filter>src\ripple\core</Filter>
    </ClInclude>
    <ClInclude Include="..\src\ripple\core\TerminateHandler.h">
      <Filter>src\ripple\core</Filter>
    </ClInclude>
    <ClInclude Include="..\src\ripple\core\TimeKeeper.h">
      <Filter>src\ripple\core</Filter>
    </ClInclude>
    <ClInclude Include="..\src\ripple\core\impl\semaphore.h">
      <Filter>src\ripple\core\Impl</Filter>
    </ClInclude>
    <ClInclude Include="..\src\ripple\core\impl\SNTPClock.h">
      <Filter>src\ripple\core\Impl</Filter>
    </ClInclude>
    <ClInclude Include="..\src\ripple\core\impl\Workers.h">
      <Filter>src\ripple\core\Impl</Filter>
    </ClInclude>
    <ClInclude Include="..\src\ripple\ledger\ApplyView.h">
      <Filter>src\ripple\ledger</Filter>
    </ClInclude>
    <ClInclude Include="..\src\ripple\ledger\ApplyViewImpl.h">
      <Filter>src\ripple\ledger</Filter>
    </ClInclude>
    <ClInclude Include="..\src\ripple\ledger\BookDirs.h">
      <Filter>src\ripple\ledger</Filter>
    </ClInclude>
    <ClInclude Include="..\src\ripple\ledger\CachedSLEs.h">
      <Filter>src\ripple\ledger</Filter>
    </ClInclude>
    <ClInclude Include="..\src\ripple\ledger\CachedView.h">
      <Filter>src\ripple\ledger</Filter>
    </ClInclude>
    <ClInclude Include="..\src\ripple\ledger\CashDiff.h">
      <Filter>src\ripple\ledger</Filter>
    </ClInclude>
    <ClInclude Include="..\src\ripple\ledger\Directory.h">
      <Filter>src\ripple\ledger</Filter>
    </ClInclude>
    <ClInclude Include="..\src\ripple\ledger\OpenView.h">
      <Filter>src\ripple\ledger</Filter>
    </ClInclude>
    <ClInclude Include="..\src\ripple\ledger\PaymentSandbox.h">
      <Filter>src\ripple\ledger</Filter>
    </ClInclude>
    <ClInclude Include="..\src\ripple\ledger\RawView.h">
      <Filter>src\ripple\ledger</Filter>
    </ClInclude>
    <ClInclude Include="..\src\ripple\ledger\ReadView.h">
      <Filter>src\ripple\ledger</Filter>
    </ClInclude>
    <ClInclude Include="..\src\ripple\ledger\Sandbox.h">
      <Filter>src\ripple\ledger</Filter>
    </ClInclude>
    <ClInclude Include="..\src\ripple\ledger\TxMeta.h">
      <Filter>src\ripple\ledger</Filter>
    </ClInclude>
    <ClInclude Include="..\src\ripple\ledger\View.h">
      <Filter>src\ripple\ledger</Filter>
    </ClInclude>
    <ClInclude Include="..\src\ripple\ledger\detail\ApplyStateTable.h">
      <Filter>src\ripple\ledger\detail</Filter>
    </ClInclude>
    <ClInclude Include="..\src\ripple\ledger\detail\ApplyViewBase.h">
      <Filter>src\ripple\ledger\detail</Filter>
    </ClInclude>
    <ClInclude Include="..\src\ripple\ledger\detail\RawStateTable.h">
      <Filter>src\ripple\ledger\detail</Filter>
    </ClInclude>
    <ClInclude Include="..\src\ripple\ledger\detail\ReadViewFwdRange.h">
      <Filter>src\ripple\ledger\detail</Filter>
    </ClInclude>
    <ClInclude Include="..\src\ripple\ledger\detail\ReadViewFwdRange.ipp">
      <Filter>src\ripple\ledger\detail</Filter>
    </ClInclude>
    <ClInclude Include="..\src\ripple\nodestore\Backend.h">
      <Filter>src\ripple\nodestore</Filter>
    </ClInclude>
    <ClInclude Include="..\src\ripple\nodestore\Database.h">
      <Filter>src\ripple\nodestore</Filter>
    </ClInclude>
    <ClInclude Include="..\src\ripple\nodestore\DatabaseRotating.h">
      <Filter>src\ripple\nodestore</Filter>
    </ClInclude>
    <ClInclude Include="..\src\ripple\nodestore\DatabaseShard.h">
      <Filter>src\ripple\nodestore</Filter>
    </ClInclude>
    <ClInclude Include="..\src\ripple\nodestore\DummyScheduler.h">
      <Filter>src\ripple\nodestore</Filter>
    </ClInclude>
    <ClInclude Include="..\src\ripple\nodestore\Factory.h">
      <Filter>src\ripple\nodestore</Filter>
    </ClInclude>
    <ClInclude Include="..\src\ripple\nodestore\Manager.h">
      <Filter>src\ripple\nodestore</Filter>
    </ClInclude>
    <ClInclude Include="..\src\ripple\nodestore\NodeObject.h">
      <Filter>src\ripple\nodestore</Filter>
    </ClInclude>
    <ClInclude Include="..\src\ripple\nodestore\Scheduler.h">
      <Filter>src\ripple\nodestore</Filter>
    </ClInclude>
    <ClInclude Include="..\src\ripple\nodestore\Task.h">
      <Filter>src\ripple\nodestore</Filter>
    </ClInclude>
    <ClInclude Include="..\src\ripple\nodestore\Types.h">
      <Filter>src\ripple\nodestore</Filter>
    </ClInclude>
    <ClInclude Include="..\src\ripple\nodestore\VisitCallback.h">
      <Filter>src\ripple\nodestore</Filter>
    </ClInclude>
    <ClInclude Include="..\src\ripple\nodestore\impl\BatchWriter.h">
      <Filter>src\ripple\nodestore\impl</Filter>
    </ClInclude>
    <ClInclude Include="..\src\ripple\nodestore\impl\codec.h">
      <Filter>src\ripple\nodestore\impl</Filter>
    </ClInclude>
    <ClInclude Include="..\src\ripple\nodestore\impl\DatabaseNodeImp.h">
      <Filter>src\ripple\nodestore\impl</Filter>
    </ClInclude>
    <ClInclude Include="..\src\ripple\nodestore\impl\DatabaseRotatingImp.h">
      <Filter>src\ripple\nodestore\impl</Filter>
    </ClInclude>
    <ClInclude Include="..\src\ripple\nodestore\impl\DatabaseShardImp.h">
      <Filter>src\ripple\nodestore\impl</Filter>
    </ClInclude>
    <ClInclude Include="..\src\ripple\nodestore\impl\DecodedBlob.h">
      <Filter>src\ripple\nodestore\impl</Filter>
    </ClInclude>
    <ClInclude Include="..\src\ripple\nodestore\impl\EncodedBlob.h">
      <Filter>src\ripple\nodestore\impl</Filter>
    </ClInclude>
    <ClInclude Include="..\src\ripple\nodestore\impl\ManagerImp.h">
      <Filter>src\ripple\nodestore\impl</Filter>
    </ClInclude>
    <ClInclude Include="..\src\ripple\nodestore\impl\Shard.h">
      <Filter>src\ripple\nodestore\impl</Filter>
    </ClInclude>
    <ClInclude Include="..\src\ripple\nodestore\impl\Tuning.h">
      <Filter>src\ripple\nodestore\impl</Filter>
    </ClInclude>
    <ClInclude Include="..\src\ripple\nodestore\impl\varint.h">
      <Filter>src\ripple\nodestore\impl</Filter>
    </ClInclude>
  </ItemGroup>
  <ItemGroup>
    <None Include="..\src\ripple\protocol\README.md">
      <Filter>src\ripple\protocol</Filter>
    </None>
    <None Include="..\src\ripple\nodestore\Benchmarks.md">
      <Filter>src\ripple\nodestore</Filter>
    </None>
    <None Include="..\src\ripple\nodestore\README.md">
      <Filter>src\ripple\nodestore</Filter>
    </None>
  </ItemGroup>
</Project>