
Microsoft Visual Studio Solution File, Format Version 12.00
# Visual Studio 15
VisualStudioVersion = 15.0.28010.2016
MinimumVisualStudioVersion = 10.0.40219.1
Project("{8BC9CEB8-8B4A-11D0-8D11-00A0C91BC942}") = "RippleVSBridge", "RippleVSBridge.vcxproj", "{62F14DCF-98B0-4AC4-B9CB-7805E51C7EDC}"
EndProject
Global
	GlobalSection(SolutionConfigurationPlatforms) = preSolution
		Debug|ARM = Debug|ARM
		Debug|ARM64 = Debug|ARM64
		Debug|x64 = Debug|x64
		Debug|x86 = Debug|x86
		Release|ARM = Release|ARM
		Release|ARM64 = Release|ARM64
		Release|x64 = Release|x64
		Release|x86 = Release|x86
	EndGlobalSection
	GlobalSection(ProjectConfigurationPlatforms) = postSolution
		{62F14DCF-98B0-4AC4-B9CB-7805E51C7EDC}.Debug|ARM.ActiveCfg = Debug|ARM
		{62F14DCF-98B0-4AC4-B9CB-7805E51C7EDC}.Debug|ARM.Build.0 = Debug|ARM
		{62F14DCF-98B0-4AC4-B9CB-7805E51C7EDC}.Debug|ARM64.ActiveCfg = Debug|ARM64
		{62F14DCF-98B0-4AC4-B9CB-7805E51C7EDC}.Debug|ARM64.Build.0 = Debug|ARM64
		{62F14DCF-98B0-4AC4-B9CB-7805E51C7EDC}.Debug|x64.ActiveCfg = Debug|x64
		{62F14DCF-98B0-4AC4-B9CB-7805E51C7EDC}.Debug|x64.Build.0 = Debug|x64
		{62F14DCF-98B0-4AC4-B9CB-7805E51C7EDC}.Debug|x86.ActiveCfg = Debug|x86
		{62F14DCF-98B0-4AC4-B9CB-7805E51C7EDC}.Debug|x86.Build.0 = Debug|x86
		{62F14DCF-98B0-4AC4-B9CB-7805E51C7EDC}.Release|ARM.ActiveCfg = Release|ARM
		{62F14DCF-98B0-4AC4-B9CB-7805E51C7EDC}.Release|ARM.Build.0 = Release|ARM
		{62F14DCF-98B0-4AC4-B9CB-7805E51C7EDC}.Release|ARM64.ActiveCfg = Release|ARM64
		{62F14DCF-98B0-4AC4-B9CB-7805E51C7EDC}.Release|ARM64.Build.0 = Release|ARM64
		{62F14DCF-98B0-4AC4-B9CB-7805E51C7EDC}.Release|x64.ActiveCfg = Release|x64
		{62F14DCF-98B0-4AC4-B9CB-7805E51C7EDC}.Release|x64.Build.0 = Release|x64
		{62F14DCF-98B0-4AC4-B9CB-7805E51C7EDC}.Release|x86.ActiveCfg = Release|x86
		{62F14DCF-98B0-4AC4-B9CB-7805E51C7EDC}.Release|x86.Build.0 = Release|x86
	EndGlobalSection
	GlobalSection(SolutionProperties) = preSolution
		HideSolutionNode = FALSE
	EndGlobalSection
	GlobalSection(ExtensibilityGlobals) = postSolution
		SolutionGuid = {AF3CF41C-5316-4B11-AA9C-4A387DF58F0D}
	EndGlobalSection
EndGlobal
